
Microsoft Visual Studio Solution File, Format Version 12.00
# Visual Studio 15
VisualStudioVersion = 15.0.27130.2036
MinimumVisualStudioVersion = 10.0.40219.1
Project("{FAE04EC0-301F-11D3-BF4B-00C04F79EFBC}") = "FluxWebServer", "FluxWebServer\FluxWebServer.csproj", "{5A6C4C71-9F05-487B-B2F1-AAA9C1FC4853}"
EndProject
Global
	GlobalSection(SolutionConfigurationPlatforms) = preSolution
		Debug|Any CPU = Debug|Any CPU
		Release|Any CPU = Release|Any CPU
	EndGlobalSection
	GlobalSection(ProjectConfigurationPlatforms) = postSolution
		{5A6C4C71-9F05-487B-B2F1-AAA9C1FC4853}.Debug|Any CPU.ActiveCfg = Debug|Any CPU
		{5A6C4C71-9F05-487B-B2F1-AAA9C1FC4853}.Debug|Any CPU.Build.0 = Debug|Any CPU
		{5A6C4C71-9F05-487B-B2F1-AAA9C1FC4853}.Release|Any CPU.ActiveCfg = Release|Any CPU
		{5A6C4C71-9F05-487B-B2F1-AAA9C1FC4853}.Release|Any CPU.Build.0 = Release|Any CPU
	EndGlobalSection
	GlobalSection(SolutionProperties) = preSolution
		HideSolutionNode = FALSE
	EndGlobalSection
	GlobalSection(ExtensibilityGlobals) = postSolution
		SolutionGuid = {673858EC-4BA7-4AE9-8EAC-8A33F7E503EF}
	EndGlobalSection
EndGlobal
